
Microsoft Visual Studio Solution File, Format Version 12.00
# Visual Studio Version 17
VisualStudioVersion = 17.14.36518.9 d17.14
MinimumVisualStudioVersion = 10.0.40219.1
Project("{FAE04EC0-301F-11D3-BF4B-00C04F79EFBC}") = "ThoughtzLand.Domain", "ThoughtzLand.Domain\ThoughtzLand.Domain.csproj", "{7DBF7A5C-B4B9-48CC-B2E8-3BEA6D72A426}"
EndProject
Project("{FAE04EC0-301F-11D3-BF4B-00C04F79EFBC}") = "ThoughtzLand.Application", "ThoughtzLand.Application\ThoughtzLand.Application.csproj", "{42861366-32C6-44E1-81C2-A2D946FC0022}"
EndProject
Project("{FAE04EC0-301F-11D3-BF4B-00C04F79EFBC}") = "ThoughtzLand.Contracts", "ThoughtzLand.Contracts\ThoughtzLand.Contracts.csproj", "{49A71D30-95F5-4861-AB96-1DB28E5E7599}"
EndProject
Project("{FAE04EC0-301F-11D3-BF4B-00C04F79EFBC}") = "ThoughtzLand.Infrastructure.EfCore.MySql", "ThoughtzLand.Infrastructure.EfCore.MySql\ThoughtzLand.Infrastructure.EfCore.MySql.csproj", "{49C02FA7-8C2A-41A8-B0B4-FA6AB26757BC}"
EndProject
Project("{FAE04EC0-301F-11D3-BF4B-00C04F79EFBC}") = "ThoughtzLand.WebApi", "ThoughtzLand.WebApi\ThoughtzLand.WebApi.csproj", "{DF2827B2-6FAE-4536-8159-0FB0CF554A80}"
EndProject
Global
	GlobalSection(SolutionConfigurationPlatforms) = preSolution
		Debug|Any CPU = Debug|Any CPU
		Release|Any CPU = Release|Any CPU
	EndGlobalSection
	GlobalSection(ProjectConfigurationPlatforms) = postSolution
		{7DBF7A5C-B4B9-48CC-B2E8-3BEA6D72A426}.Debug|Any CPU.ActiveCfg = Debug|Any CPU
		{7DBF7A5C-B4B9-48CC-B2E8-3BEA6D72A426}.Debug|Any CPU.Build.0 = Debug|Any CPU
		{7DBF7A5C-B4B9-48CC-B2E8-3BEA6D72A426}.Release|Any CPU.ActiveCfg = Release|Any CPU
		{7DBF7A5C-B4B9-48CC-B2E8-3BEA6D72A426}.Release|Any CPU.Build.0 = Release|Any CPU
		{42861366-32C6-44E1-81C2-A2D946FC0022}.Debug|Any CPU.ActiveCfg = Debug|Any CPU
		{42861366-32C6-44E1-81C2-A2D946FC0022}.Debug|Any CPU.Build.0 = Debug|Any CPU
		{42861366-32C6-44E1-81C2-A2D946FC0022}.Release|Any CPU.ActiveCfg = Release|Any CPU
		{42861366-32C6-44E1-81C2-A2D946FC0022}.Release|Any CPU.Build.0 = Release|Any CPU
		{49A71D30-95F5-4861-AB96-1DB28E5E7599}.Debug|Any CPU.ActiveCfg = Debug|Any CPU
		{49A71D30-95F5-4861-AB96-1DB28E5E7599}.Debug|Any CPU.Build.0 = Debug|Any CPU
		{49A71D30-95F5-4861-AB96-1DB28E5E7599}.Release|Any CPU.ActiveCfg = Release|Any CPU
		{49A71D30-95F5-4861-AB96-1DB28E5E7599}.Release|Any CPU.Build.0 = Release|Any CPU
		{49C02FA7-8C2A-41A8-B0B4-FA6AB26757BC}.Debug|Any CPU.ActiveCfg = Debug|Any CPU
		{49C02FA7-8C2A-41A8-B0B4-FA6AB26757BC}.Debug|Any CPU.Build.0 = Debug|Any CPU
		{49C02FA7-8C2A-41A8-B0B4-FA6AB26757BC}.Release|Any CPU.ActiveCfg = Release|Any CPU
		{49C02FA7-8C2A-41A8-B0B4-FA6AB26757BC}.Release|Any CPU.Build.0 = Release|Any CPU
		{DF2827B2-6FAE-4536-8159-0FB0CF554A80}.Debug|Any CPU.ActiveCfg = Debug|Any CPU
		{DF2827B2-6FAE-4536-8159-0FB0CF554A80}.Debug|Any CPU.Build.0 = Debug|Any CPU
		{DF2827B2-6FAE-4536-8159-0FB0CF554A80}.Release|Any CPU.ActiveCfg = Release|Any CPU
		{DF2827B2-6FAE-4536-8159-0FB0CF554A80}.Release|Any CPU.Build.0 = Release|Any CPU
	EndGlobalSection
	GlobalSection(SolutionProperties) = preSolution
		HideSolutionNode = FALSE
	EndGlobalSection
	GlobalSection(ExtensibilityGlobals) = postSolution
		SolutionGuid = {C292DA33-8300-4F1E-B2BC-D5B93417CE61}
	EndGlobalSection
EndGlobal
