
Microsoft Visual Studio Solution File, Format Version 12.00
# Visual Studio Version 17
VisualStudioVersion = 17.4.33213.308
MinimumVisualStudioVersion = 10.0.40219.1
Project("{9A19103F-16F7-4668-BE54-9A1E7A4F7556}") = "appLngApi", "appLngApi\appLngApi.csproj", "{45FFA87D-A846-48DB-931F-6E2861E9ED6B}"
EndProject
Project("{9A19103F-16F7-4668-BE54-9A1E7A4F7556}") = "Core", "Core\Core.csproj", "{756FFA89-D866-4935-80AC-F879D8E93848}"
EndProject
Project("{9A19103F-16F7-4668-BE54-9A1E7A4F7556}") = "SQLitePepo", "SQLitePepo\SQLitePepo.csproj", "{A38E8451-3CEA-4CA3-8837-D4E49D88BCB7}"
EndProject
Project("{FAE04EC0-301F-11D3-BF4B-00C04F79EFBC}") = "UserRegistry", "UserRegistry\UserRegistry.csproj", "{05C17EE6-4D32-4DD9-B558-946A94CE8882}"
EndProject
Global
	GlobalSection(SolutionConfigurationPlatforms) = preSolution
		Debug|Any CPU = Debug|Any CPU
		Release|Any CPU = Release|Any CPU
	EndGlobalSection
	GlobalSection(ProjectConfigurationPlatforms) = postSolution
		{45FFA87D-A846-48DB-931F-6E2861E9ED6B}.Debug|Any CPU.ActiveCfg = Debug|Any CPU
		{45FFA87D-A846-48DB-931F-6E2861E9ED6B}.Debug|Any CPU.Build.0 = Debug|Any CPU
		{45FFA87D-A846-48DB-931F-6E2861E9ED6B}.Release|Any CPU.ActiveCfg = Release|Any CPU
		{45FFA87D-A846-48DB-931F-6E2861E9ED6B}.Release|Any CPU.Build.0 = Release|Any CPU
		{756FFA89-D866-4935-80AC-F879D8E93848}.Debug|Any CPU.ActiveCfg = Debug|Any CPU
		{756FFA89-D866-4935-80AC-F879D8E93848}.Debug|Any CPU.Build.0 = Debug|Any CPU
		{756FFA89-D866-4935-80AC-F879D8E93848}.Release|Any CPU.ActiveCfg = Release|Any CPU
		{756FFA89-D866-4935-80AC-F879D8E93848}.Release|Any CPU.Build.0 = Release|Any CPU
		{A38E8451-3CEA-4CA3-8837-D4E49D88BCB7}.Debug|Any CPU.ActiveCfg = Debug|Any CPU
		{A38E8451-3CEA-4CA3-8837-D4E49D88BCB7}.Debug|Any CPU.Build.0 = Debug|Any CPU
		{A38E8451-3CEA-4CA3-8837-D4E49D88BCB7}.Release|Any CPU.ActiveCfg = Release|Any CPU
		{A38E8451-3CEA-4CA3-8837-D4E49D88BCB7}.Release|Any CPU.Build.0 = Release|Any CPU
		{05C17EE6-4D32-4DD9-B558-946A94CE8882}.Debug|Any CPU.ActiveCfg = Debug|Any CPU
		{05C17EE6-4D32-4DD9-B558-946A94CE8882}.Debug|Any CPU.Build.0 = Debug|Any CPU
		{05C17EE6-4D32-4DD9-B558-946A94CE8882}.Release|Any CPU.ActiveCfg = Release|Any CPU
		{05C17EE6-4D32-4DD9-B558-946A94CE8882}.Release|Any CPU.Build.0 = Release|Any CPU
	EndGlobalSection
	GlobalSection(SolutionProperties) = preSolution
		HideSolutionNode = FALSE
	EndGlobalSection
	GlobalSection(ExtensibilityGlobals) = postSolution
		SolutionGuid = {D8DE3EFE-A078-4C99-B77E-91B7D18EDD78}
	EndGlobalSection
EndGlobal
